
Microsoft Visual Studio Solution File, Format Version 12.00
# Visual Studio Version 17
VisualStudioVersion = 17.10.34928.147
MinimumVisualStudioVersion = 10.0.40219.1
Project("{9A19103F-16F7-4668-BE54-9A1E7A4F7556}") = "Cedric oma app", "Cedric oma app\Cedric oma app.csproj", "{3D87B928-A1EA-4CC2-9D9E-4CBEEF72C646}"
EndProject
Project("{2150E333-8FDC-42A3-9474-1A3956D46DE8}") = "App", "App", "{9A4686E9-7A8C-4848-8E5D-91859F540C4E}"
EndProject
Project("{2150E333-8FDC-42A3-9474-1A3956D46DE8}") = "Core", "Core", "{E8D63453-9EC9-4B13-8C32-32AEC5086FE0}"
	ProjectSection(SolutionItems) = preProject
		..\CedericRomeyns\Voedselvoorraad-Beheer\voedselVooraadBeheer\voedselbeheer-app\Core\ObservableObject.cs = ..\CedericRomeyns\Voedselvoorraad-Beheer\voedselVooraadBeheer\voedselbeheer-app\Core\ObservableObject.cs
		..\CedericRomeyns\Voedselvoorraad-Beheer\voedselVooraadBeheer\voedselbeheer-app\Core\RelayCommand.cs = ..\CedericRomeyns\Voedselvoorraad-Beheer\voedselVooraadBeheer\voedselbeheer-app\Core\RelayCommand.cs
	EndProjectSection
EndProject
Project("{2150E333-8FDC-42A3-9474-1A3956D46DE8}") = "MVVM", "MVVM", "{838E4912-AB5E-45AB-B97C-8D8BF9B23711}"
EndProject
Project("{2150E333-8FDC-42A3-9474-1A3956D46DE8}") = "View", "View", "{B32522C8-15FF-4F84-8083-D7CA23475825}"
EndProject
Project("{2150E333-8FDC-42A3-9474-1A3956D46DE8}") = "ViewModel", "ViewModel", "{B5A11C40-4BF2-469D-AFD9-F64CBD1590EF}"
EndProject
Project("{2150E333-8FDC-42A3-9474-1A3956D46DE8}") = "Styles", "Styles", "{72B32588-4E7A-4BF3-83AC-E298911AF669}"
	ProjectSection(SolutionItems) = preProject
		..\CedericRomeyns\Voedselvoorraad-Beheer\voedselVooraadBeheer\voedselbeheer-app\Theme\MenuKnop.xaml = ..\CedericRomeyns\Voedselvoorraad-Beheer\voedselVooraadBeheer\voedselbeheer-app\Theme\MenuKnop.xaml
	EndProjectSection
EndProject
Global
	GlobalSection(SolutionConfigurationPlatforms) = preSolution
		Debug|Any CPU = Debug|Any CPU
		Release|Any CPU = Release|Any CPU
	EndGlobalSection
	GlobalSection(ProjectConfigurationPlatforms) = postSolution
		{3D87B928-A1EA-4CC2-9D9E-4CBEEF72C646}.Debug|Any CPU.ActiveCfg = Debug|Any CPU
		{3D87B928-A1EA-4CC2-9D9E-4CBEEF72C646}.Debug|Any CPU.Build.0 = Debug|Any CPU
		{3D87B928-A1EA-4CC2-9D9E-4CBEEF72C646}.Release|Any CPU.ActiveCfg = Release|Any CPU
		{3D87B928-A1EA-4CC2-9D9E-4CBEEF72C646}.Release|Any CPU.Build.0 = Release|Any CPU
	EndGlobalSection
	GlobalSection(SolutionProperties) = preSolution
		HideSolutionNode = FALSE
	EndGlobalSection
	GlobalSection(NestedProjects) = preSolution
		{3D87B928-A1EA-4CC2-9D9E-4CBEEF72C646} = {9A4686E9-7A8C-4848-8E5D-91859F540C4E}
		{E8D63453-9EC9-4B13-8C32-32AEC5086FE0} = {9A4686E9-7A8C-4848-8E5D-91859F540C4E}
		{838E4912-AB5E-45AB-B97C-8D8BF9B23711} = {9A4686E9-7A8C-4848-8E5D-91859F540C4E}
		{B32522C8-15FF-4F84-8083-D7CA23475825} = {838E4912-AB5E-45AB-B97C-8D8BF9B23711}
		{B5A11C40-4BF2-469D-AFD9-F64CBD1590EF} = {838E4912-AB5E-45AB-B97C-8D8BF9B23711}
		{72B32588-4E7A-4BF3-83AC-E298911AF669} = {9A4686E9-7A8C-4848-8E5D-91859F540C4E}
	EndGlobalSection
	GlobalSection(ExtensibilityGlobals) = postSolution
		SolutionGuid = {E8FC17A1-9793-45E6-AE33-3474D4FF1F49}
	EndGlobalSection
EndGlobal
